// !$*UTF8*$!
{
	archiveVersion = 1;
	classes = {
	};
	objectVersion = 46;
	objects = {

/* Begin PBXBuildFile section */
		96ACE4DE18E486F1009BE334 /* SRBNavigationViewController.m in Sources */ = {isa = PBXBuildFile; fileRef = 96ACE4DD18E486F1009BE334 /* SRBNavigationViewController.m */; };
		96ACE4E218E48A7C009BE334 /* SRBCalendarViewController.m in Sources */ = {isa = PBXBuildFile; fileRef = 96ACE4E118E48A7C009BE334 /* SRBCalendarViewController.m */; };
		96ACE4E818E48AC7009BE334 /* SRBContactsViewController.m in Sources */ = {isa = PBXBuildFile; fileRef = 96ACE4E718E48AC7009BE334 /* SRBContactsViewController.m */; };
		96ACE4EC18E491D1009BE334 /* SRBStrings_sv.strings in Resources */ = {isa = PBXBuildFile; fileRef = 96ACE4EB18E491D1009BE334 /* SRBStrings_sv.strings */; };
		96ACE4EE18E491E2009BE334 /* SRBStrings_en.strings in Resources */ = {isa = PBXBuildFile; fileRef = 96ACE4ED18E491E2009BE334 /* SRBStrings_en.strings */; };
		96ACE4F218E49350009BE334 /* SRBLanguage.m in Sources */ = {isa = PBXBuildFile; fileRef = 96ACE4F118E49350009BE334 /* SRBLanguage.m */; };
		96ACE4F518E49434009BE334 /* Constants.m in Sources */ = {isa = PBXBuildFile; fileRef = 96ACE4F418E49434009BE334 /* Constants.m */; };
		96B8B28918E1DBE500895FB5 /* Foundation.framework in Frameworks */ = {isa = PBXBuildFile; fileRef = 96B8B28818E1DBE500895FB5 /* Foundation.framework */; };
		96B8B28B18E1DBE500895FB5 /* CoreGraphics.framework in Frameworks */ = {isa = PBXBuildFile; fileRef = 96B8B28A18E1DBE500895FB5 /* CoreGraphics.framework */; };
		96B8B28D18E1DBE500895FB5 /* UIKit.framework in Frameworks */ = {isa = PBXBuildFile; fileRef = 96B8B28C18E1DBE500895FB5 /* UIKit.framework */; };
		96B8B28F18E1DBE500895FB5 /* CoreData.framework in Frameworks */ = {isa = PBXBuildFile; fileRef = 96B8B28E18E1DBE500895FB5 /* CoreData.framework */; };
		96B8B29518E1DBE500895FB5 /* InfoPlist.strings in Resources */ = {isa = PBXBuildFile; fileRef = 96B8B29318E1DBE500895FB5 /* InfoPlist.strings */; };
		96B8B29718E1DBE500895FB5 /* main.m in Sources */ = {isa = PBXBuildFile; fileRef = 96B8B29618E1DBE500895FB5 /* main.m */; };
		96B8B29B18E1DBE500895FB5 /* AppDelegate.m in Sources */ = {isa = PBXBuildFile; fileRef = 96B8B29A18E1DBE500895FB5 /* AppDelegate.m */; };
		96B8B29E18E1DBE500895FB5 /* SRBooking.xcdatamodeld in Sources */ = {isa = PBXBuildFile; fileRef = 96B8B29C18E1DBE500895FB5 /* SRBooking.xcdatamodeld */; };
		96B8B2A018E1DBE500895FB5 /* Images.xcassets in Resources */ = {isa = PBXBuildFile; fileRef = 96B8B29F18E1DBE500895FB5 /* Images.xcassets */; };
		96B8B2A718E1DBE500895FB5 /* XCTest.framework in Frameworks */ = {isa = PBXBuildFile; fileRef = 96B8B2A618E1DBE500895FB5 /* XCTest.framework */; };
		96B8B2A818E1DBE500895FB5 /* Foundation.framework in Frameworks */ = {isa = PBXBuildFile; fileRef = 96B8B28818E1DBE500895FB5 /* Foundation.framework */; };
		96B8B2A918E1DBE500895FB5 /* UIKit.framework in Frameworks */ = {isa = PBXBuildFile; fileRef = 96B8B28C18E1DBE500895FB5 /* UIKit.framework */; };
		96B8B2AA18E1DBE500895FB5 /* CoreData.framework in Frameworks */ = {isa = PBXBuildFile; fileRef = 96B8B28E18E1DBE500895FB5 /* CoreData.framework */; };
		96B8B2B218E1DBE600895FB5 /* InfoPlist.strings in Resources */ = {isa = PBXBuildFile; fileRef = 96B8B2B018E1DBE600895FB5 /* InfoPlist.strings */; };
		96B8B2B418E1DBE600895FB5 /* SRBookingTests.m in Sources */ = {isa = PBXBuildFile; fileRef = 96B8B2B318E1DBE600895FB5 /* SRBookingTests.m */; };
/* End PBXBuildFile section */

/* Begin PBXContainerItemProxy section */
		96B8B2AB18E1DBE500895FB5 /* PBXContainerItemProxy */ = {
			isa = PBXContainerItemProxy;
			containerPortal = 96B8B27D18E1DBE500895FB5 /* Project object */;
			proxyType = 1;
			remoteGlobalIDString = 96B8B28418E1DBE500895FB5;
			remoteInfo = SRBooking;
		};
/* End PBXContainerItemProxy section */

/* Begin PBXFileReference section */
		96ACE4DC18E486F1009BE334 /* SRBNavigationViewController.h */ = {isa = PBXFileReference; fileEncoding = 4; lastKnownFileType = sourcecode.c.h; path = SRBNavigationViewController.h; sourceTree = "<group>"; };
		96ACE4DD18E486F1009BE334 /* SRBNavigationViewController.m */ = {isa = PBXFileReference; fileEncoding = 4; lastKnownFileType = sourcecode.c.objc; path = SRBNavigationViewController.m; sourceTree = "<group>"; };
		96ACE4E018E48A7C009BE334 /* SRBCalendarViewController.h */ = {isa = PBXFileReference; fileEncoding = 4; lastKnownFileType = sourcecode.c.h; path = SRBCalendarViewController.h; sourceTree = "<group>"; };
		96ACE4E118E48A7C009BE334 /* SRBCalendarViewController.m */ = {isa = PBXFileReference; fileEncoding = 4; lastKnownFileType = sourcecode.c.objc; path = SRBCalendarViewController.m; sourceTree = "<group>"; };
		96ACE4E618E48AC7009BE334 /* SRBContactsViewController.h */ = {isa = PBXFileReference; fileEncoding = 4; lastKnownFileType = sourcecode.c.h; path = SRBContactsViewController.h; sourceTree = "<group>"; };
		96ACE4E718E48AC7009BE334 /* SRBContactsViewController.m */ = {isa = PBXFileReference; fileEncoding = 4; lastKnownFileType = sourcecode.c.objc; path = SRBContactsViewController.m; sourceTree = "<group>"; };
		96ACE4EB18E491D1009BE334 /* SRBStrings_sv.strings */ = {isa = PBXFileReference; fileEncoding = 4; lastKnownFileType = text.plist.strings; path = SRBStrings_sv.strings; sourceTree = "<group>"; };
		96ACE4ED18E491E2009BE334 /* SRBStrings_en.strings */ = {isa = PBXFileReference; fileEncoding = 4; lastKnownFileType = text.plist.strings; path = SRBStrings_en.strings; sourceTree = "<group>"; };
		96ACE4F018E49350009BE334 /* SRBLanguage.h */ = {isa = PBXFileReference; fileEncoding = 4; lastKnownFileType = sourcecode.c.h; path = SRBLanguage.h; sourceTree = "<group>"; };
		96ACE4F118E49350009BE334 /* SRBLanguage.m */ = {isa = PBXFileReference; fileEncoding = 4; lastKnownFileType = sourcecode.c.objc; path = SRBLanguage.m; sourceTree = "<group>"; };
		96ACE4F318E49434009BE334 /* Constants.h */ = {isa = PBXFileReference; fileEncoding = 4; lastKnownFileType = sourcecode.c.h; path = Constants.h; sourceTree = "<group>"; };
		96ACE4F418E49434009BE334 /* Constants.m */ = {isa = PBXFileReference; fileEncoding = 4; lastKnownFileType = sourcecode.c.objc; path = Constants.m; sourceTree = "<group>"; };
		96B8B28518E1DBE500895FB5 /* SRBooking.app */ = {isa = PBXFileReference; explicitFileType = wrapper.application; includeInIndex = 0; path = SRBooking.app; sourceTree = BUILT_PRODUCTS_DIR; };
		96B8B28818E1DBE500895FB5 /* Foundation.framework */ = {isa = PBXFileReference; lastKnownFileType = wrapper.framework; name = Foundation.framework; path = System/Library/Frameworks/Foundation.framework; sourceTree = SDKROOT; };
		96B8B28A18E1DBE500895FB5 /* CoreGraphics.framework */ = {isa = PBXFileReference; lastKnownFileType = wrapper.framework; name = CoreGraphics.framework; path = System/Library/Frameworks/CoreGraphics.framework; sourceTree = SDKROOT; };
		96B8B28C18E1DBE500895FB5 /* UIKit.framework */ = {isa = PBXFileReference; lastKnownFileType = wrapper.framework; name = UIKit.framework; path = System/Library/Frameworks/UIKit.framework; sourceTree = SDKROOT; };
		96B8B28E18E1DBE500895FB5 /* CoreData.framework */ = {isa = PBXFileReference; lastKnownFileType = wrapper.framework; name = CoreData.framework; path = System/Library/Frameworks/CoreData.framework; sourceTree = SDKROOT; };
		96B8B29218E1DBE500895FB5 /* SRBooking-Info.plist */ = {isa = PBXFileReference; lastKnownFileType = text.plist.xml; path = "SRBooking-Info.plist"; sourceTree = "<group>"; };
		96B8B29418E1DBE500895FB5 /* en */ = {isa = PBXFileReference; lastKnownFileType = text.plist.strings; name = en; path = en.lproj/InfoPlist.strings; sourceTree = "<group>"; };
		96B8B29618E1DBE500895FB5 /* main.m */ = {isa = PBXFileReference; lastKnownFileType = sourcecode.c.objc; path = main.m; sourceTree = "<group>"; };
		96B8B29818E1DBE500895FB5 /* SRBooking-Prefix.pch */ = {isa = PBXFileReference; lastKnownFileType = sourcecode.c.h; path = "SRBooking-Prefix.pch"; sourceTree = "<group>"; };
		96B8B29918E1DBE500895FB5 /* AppDelegate.h */ = {isa = PBXFileReference; lastKnownFileType = sourcecode.c.h; path = AppDelegate.h; sourceTree = "<group>"; };
		96B8B29A18E1DBE500895FB5 /* AppDelegate.m */ = {isa = PBXFileReference; lastKnownFileType = sourcecode.c.objc; path = AppDelegate.m; sourceTree = "<group>"; };
		96B8B29D18E1DBE500895FB5 /* SRBooking.xcdatamodel */ = {isa = PBXFileReference; lastKnownFileType = wrapper.xcdatamodel; path = SRBooking.xcdatamodel; sourceTree = "<group>"; };
		96B8B29F18E1DBE500895FB5 /* Images.xcassets */ = {isa = PBXFileReference; lastKnownFileType = folder.assetcatalog; path = Images.xcassets; sourceTree = "<group>"; };
		96B8B2A518E1DBE500895FB5 /* SRBookingTests.xctest */ = {isa = PBXFileReference; explicitFileType = wrapper.cfbundle; includeInIndex = 0; path = SRBookingTests.xctest; sourceTree = BUILT_PRODUCTS_DIR; };
		96B8B2A618E1DBE500895FB5 /* XCTest.framework */ = {isa = PBXFileReference; lastKnownFileType = wrapper.framework; name = XCTest.framework; path = Library/Frameworks/XCTest.framework; sourceTree = DEVELOPER_DIR; };
		96B8B2AF18E1DBE600895FB5 /* SRBookingTests-Info.plist */ = {isa = PBXFileReference; lastKnownFileType = text.plist.xml; path = "SRBookingTests-Info.plist"; sourceTree = "<group>"; };
		96B8B2B118E1DBE600895FB5 /* en */ = {isa = PBXFileReference; lastKnownFileType = text.plist.strings; name = en; path = en.lproj/InfoPlist.strings; sourceTree = "<group>"; };
		96B8B2B318E1DBE600895FB5 /* SRBookingTests.m */ = {isa = PBXFileReference; lastKnownFileType = sourcecode.c.objc; path = SRBookingTests.m; sourceTree = "<group>"; };
/* End PBXFileReference section */

/* Begin PBXFrameworksBuildPhase section */
		96B8B28218E1DBE500895FB5 /* Frameworks */ = {
			isa = PBXFrameworksBuildPhase;
			buildActionMask = 2147483647;
			files = (
				96B8B28B18E1DBE500895FB5 /* CoreGraphics.framework in Frameworks */,
				96B8B28F18E1DBE500895FB5 /* CoreData.framework in Frameworks */,
				96B8B28D18E1DBE500895FB5 /* UIKit.framework in Frameworks */,
				96B8B28918E1DBE500895FB5 /* Foundation.framework in Frameworks */,
			);
			runOnlyForDeploymentPostprocessing = 0;
		};
		96B8B2A218E1DBE500895FB5 /* Frameworks */ = {
			isa = PBXFrameworksBuildPhase;
			buildActionMask = 2147483647;
			files = (
				96B8B2A718E1DBE500895FB5 /* XCTest.framework in Frameworks */,
				96B8B2AA18E1DBE500895FB5 /* CoreData.framework in Frameworks */,
				96B8B2A918E1DBE500895FB5 /* UIKit.framework in Frameworks */,
				96B8B2A818E1DBE500895FB5 /* Foundation.framework in Frameworks */,
			);
			runOnlyForDeploymentPostprocessing = 0;
		};
/* End PBXFrameworksBuildPhase section */

/* Begin PBXGroup section */
		96ACE4DA18E48676009BE334 /* ViewControllers */ = {
			isa = PBXGroup;
			children = (
				96ACE4E018E48A7C009BE334 /* SRBCalendarViewController.h */,
				96ACE4E118E48A7C009BE334 /* SRBCalendarViewController.m */,
				96ACE4E618E48AC7009BE334 /* SRBContactsViewController.h */,
				96ACE4E718E48AC7009BE334 /* SRBContactsViewController.m */,
			);
			name = ViewControllers;
			sourceTree = "<group>";
		};
		96ACE4DB18E48693009BE334 /* Components */ = {
			isa = PBXGroup;
			children = (
				96ACE4DC18E486F1009BE334 /* SRBNavigationViewController.h */,
				96ACE4DD18E486F1009BE334 /* SRBNavigationViewController.m */,
			);
			name = Components;
			sourceTree = "<group>";
		};
		96ACE4E918E4918E009BE334 /* Resources */ = {
			isa = PBXGroup;
			children = (
				96ACE4EA18E49198009BE334 /* Language */,
			);
			name = Resources;
			sourceTree = "<group>";
		};
		96ACE4EA18E49198009BE334 /* Language */ = {
			isa = PBXGroup;
			children = (
				96ACE4EB18E491D1009BE334 /* SRBStrings_sv.strings */,
				96ACE4ED18E491E2009BE334 /* SRBStrings_en.strings */,
			);
			name = Language;
			sourceTree = "<group>";
		};
		96ACE4EF18E49314009BE334 /* Helpers */ = {
			isa = PBXGroup;
			children = (
				96ACE4F018E49350009BE334 /* SRBLanguage.h */,
				96ACE4F118E49350009BE334 /* SRBLanguage.m */,
				96ACE4F318E49434009BE334 /* Constants.h */,
				96ACE4F418E49434009BE334 /* Constants.m */,
			);
			name = Helpers;
			sourceTree = "<group>";
		};
		96B8B27C18E1DBE500895FB5 = {
			isa = PBXGroup;
			children = (
				96B8B29018E1DBE500895FB5 /* SRBooking */,
				96B8B2AD18E1DBE500895FB5 /* SRBookingTests */,
				96B8B28718E1DBE500895FB5 /* Frameworks */,
				96B8B28618E1DBE500895FB5 /* Products */,
			);
			sourceTree = "<group>";
		};
		96B8B28618E1DBE500895FB5 /* Products */ = {
			isa = PBXGroup;
			children = (
				96B8B28518E1DBE500895FB5 /* SRBooking.app */,
				96B8B2A518E1DBE500895FB5 /* SRBookingTests.xctest */,
			);
			name = Products;
			sourceTree = "<group>";
		};
		96B8B28718E1DBE500895FB5 /* Frameworks */ = {
			isa = PBXGroup;
			children = (
				96B8B28818E1DBE500895FB5 /* Foundation.framework */,
				96B8B28A18E1DBE500895FB5 /* CoreGraphics.framework */,
				96B8B28C18E1DBE500895FB5 /* UIKit.framework */,
				96B8B28E18E1DBE500895FB5 /* CoreData.framework */,
				96B8B2A618E1DBE500895FB5 /* XCTest.framework */,
			);
			name = Frameworks;
			sourceTree = "<group>";
		};
		96B8B29018E1DBE500895FB5 /* SRBooking */ = {
			isa = PBXGroup;
			children = (
				96ACE4E918E4918E009BE334 /* Resources */,
				96ACE4EF18E49314009BE334 /* Helpers */,
				96ACE4DB18E48693009BE334 /* Components */,
				96ACE4DA18E48676009BE334 /* ViewControllers */,
				96B8B29918E1DBE500895FB5 /* AppDelegate.h */,
				96B8B29A18E1DBE500895FB5 /* AppDelegate.m */,
				96B8B29F18E1DBE500895FB5 /* Images.xcassets */,
				96B8B29C18E1DBE500895FB5 /* SRBooking.xcdatamodeld */,
				96B8B29118E1DBE500895FB5 /* Supporting Files */,
			);
			path = SRBooking;
			sourceTree = "<group>";
		};
		96B8B29118E1DBE500895FB5 /* Supporting Files */ = {
			isa = PBXGroup;
			children = (
				96B8B29218E1DBE500895FB5 /* SRBooking-Info.plist */,
				96B8B29318E1DBE500895FB5 /* InfoPlist.strings */,
				96B8B29618E1DBE500895FB5 /* main.m */,
				96B8B29818E1DBE500895FB5 /* SRBooking-Prefix.pch */,
			);
			name = "Supporting Files";
			sourceTree = "<group>";
		};
		96B8B2AD18E1DBE500895FB5 /* SRBookingTests */ = {
			isa = PBXGroup;
			children = (
				96B8B2B318E1DBE600895FB5 /* SRBookingTests.m */,
				96B8B2AE18E1DBE600895FB5 /* Supporting Files */,
			);
			path = SRBookingTests;
			sourceTree = "<group>";
		};
		96B8B2AE18E1DBE600895FB5 /* Supporting Files */ = {
			isa = PBXGroup;
			children = (
				96B8B2AF18E1DBE600895FB5 /* SRBookingTests-Info.plist */,
				96B8B2B018E1DBE600895FB5 /* InfoPlist.strings */,
			);
			name = "Supporting Files";
			sourceTree = "<group>";
		};
/* End PBXGroup section */

/* Begin PBXNativeTarget section */
		96B8B28418E1DBE500895FB5 /* SRBooking */ = {
			isa = PBXNativeTarget;
			buildConfigurationList = 96B8B2B718E1DBE600895FB5 /* Build configuration list for PBXNativeTarget "SRBooking" */;
			buildPhases = (
				96B8B28118E1DBE500895FB5 /* Sources */,
				96B8B28218E1DBE500895FB5 /* Frameworks */,
				96B8B28318E1DBE500895FB5 /* Resources */,
			);
			buildRules = (
			);
			dependencies = (
			);
			name = SRBooking;
			productName = SRBooking;
			productReference = 96B8B28518E1DBE500895FB5 /* SRBooking.app */;
			productType = "com.apple.product-type.application";
		};
		96B8B2A418E1DBE500895FB5 /* SRBookingTests */ = {
			isa = PBXNativeTarget;
			buildConfigurationList = 96B8B2BA18E1DBE600895FB5 /* Build configuration list for PBXNativeTarget "SRBookingTests" */;
			buildPhases = (
				96B8B2A118E1DBE500895FB5 /* Sources */,
				96B8B2A218E1DBE500895FB5 /* Frameworks */,
				96B8B2A318E1DBE500895FB5 /* Resources */,
			);
			buildRules = (
			);
			dependencies = (
				96B8B2AC18E1DBE500895FB5 /* PBXTargetDependency */,
			);
			name = SRBookingTests;
			productName = SRBookingTests;
			productReference = 96B8B2A518E1DBE500895FB5 /* SRBookingTests.xctest */;
			productType = "com.apple.product-type.bundle.unit-test";
		};
/* End PBXNativeTarget section */

/* Begin PBXProject section */
		96B8B27D18E1DBE500895FB5 /* Project object */ = {
			isa = PBXProject;
			attributes = {
				LastUpgradeCheck = 0510;
				ORGANIZATIONNAME = joersolution.se;
				TargetAttributes = {
					96B8B2A418E1DBE500895FB5 = {
						TestTargetID = 96B8B28418E1DBE500895FB5;
					};
				};
			};
			buildConfigurationList = 96B8B28018E1DBE500895FB5 /* Build configuration list for PBXProject "SRBooking" */;
			compatibilityVersion = "Xcode 3.2";
			developmentRegion = English;
			hasScannedForEncodings = 0;
			knownRegions = (
				en,
			);
			mainGroup = 96B8B27C18E1DBE500895FB5;
			productRefGroup = 96B8B28618E1DBE500895FB5 /* Products */;
			projectDirPath = "";
			projectRoot = "";
			targets = (
				96B8B28418E1DBE500895FB5 /* SRBooking */,
				96B8B2A418E1DBE500895FB5 /* SRBookingTests */,
			);
		};
/* End PBXProject section */

/* Begin PBXResourcesBuildPhase section */
		96B8B28318E1DBE500895FB5 /* Resources */ = {
			isa = PBXResourcesBuildPhase;
			buildActionMask = 2147483647;
			files = (
				96ACE4EE18E491E2009BE334 /* SRBStrings_en.strings in Resources */,
				96B8B29518E1DBE500895FB5 /* InfoPlist.strings in Resources */,
				96B8B2A018E1DBE500895FB5 /* Images.xcassets in Resources */,
				96ACE4EC18E491D1009BE334 /* SRBStrings_sv.strings in Resources */,
			);
			runOnlyForDeploymentPostprocessing = 0;
		};
		96B8B2A318E1DBE500895FB5 /* Resources */ = {
			isa = PBXResourcesBuildPhase;
			buildActionMask = 2147483647;
			files = (
				96B8B2B218E1DBE600895FB5 /* InfoPlist.strings in Resources */,
			);
			runOnlyForDeploymentPostprocessing = 0;
		};
/* End PBXResourcesBuildPhase section */

/* Begin PBXSourcesBuildPhase section */
		96B8B28118E1DBE500895FB5 /* Sources */ = {
			isa = PBXSourcesBuildPhase;
			buildActionMask = 2147483647;
			files = (
				96ACE4DE18E486F1009BE334 /* SRBNavigationViewController.m in Sources */,
				96B8B29B18E1DBE500895FB5 /* AppDelegate.m in Sources */,
				96ACE4E218E48A7C009BE334 /* SRBCalendarViewController.m in Sources */,
				96ACE4F518E49434009BE334 /* Constants.m in Sources */,
				96ACE4E818E48AC7009BE334 /* SRBContactsViewController.m in Sources */,
				96ACE4F218E49350009BE334 /* SRBLanguage.m in Sources */,
				96B8B29718E1DBE500895FB5 /* main.m in Sources */,
				96B8B29E18E1DBE500895FB5 /* SRBooking.xcdatamodeld in Sources */,
			);
			runOnlyForDeploymentPostprocessing = 0;
		};
		96B8B2A118E1DBE500895FB5 /* Sources */ = {
			isa = PBXSourcesBuildPhase;
			buildActionMask = 2147483647;
			files = (
				96B8B2B418E1DBE600895FB5 /* SRBookingTests.m in Sources */,
			);
			runOnlyForDeploymentPostprocessing = 0;
		};
/* End PBXSourcesBuildPhase section */

/* Begin PBXTargetDependency section */
		96B8B2AC18E1DBE500895FB5 /* PBXTargetDependency */ = {
			isa = PBXTargetDependency;
			target = 96B8B28418E1DBE500895FB5 /* SRBooking */;
			targetProxy = 96B8B2AB18E1DBE500895FB5 /* PBXContainerItemProxy */;
		};
/* End PBXTargetDependency section */

/* Begin PBXVariantGroup section */
		96B8B29318E1DBE500895FB5 /* InfoPlist.strings */ = {
			isa = PBXVariantGroup;
			children = (
				96B8B29418E1DBE500895FB5 /* en */,
			);
			name = InfoPlist.strings;
			sourceTree = "<group>";
		};
		96B8B2B018E1DBE600895FB5 /* InfoPlist.strings */ = {
			isa = PBXVariantGroup;
			children = (
				96B8B2B118E1DBE600895FB5 /* en */,
			);
			name = InfoPlist.strings;
			sourceTree = "<group>";
		};
/* End PBXVariantGroup section */

/* Begin XCBuildConfiguration section */
		96B8B2B518E1DBE600895FB5 /* Debug */ = {
			isa = XCBuildConfiguration;
			buildSettings = {
				ALWAYS_SEARCH_USER_PATHS = NO;
				CLANG_CXX_LANGUAGE_STANDARD = "gnu++0x";
				CLANG_CXX_LIBRARY = "libc++";
				CLANG_ENABLE_MODULES = YES;
				CLANG_ENABLE_OBJC_ARC = YES;
				CLANG_WARN_BOOL_CONVERSION = YES;
				CLANG_WARN_CONSTANT_CONVERSION = YES;
				CLANG_WARN_DIRECT_OBJC_ISA_USAGE = YES_ERROR;
				CLANG_WARN_EMPTY_BODY = YES;
				CLANG_WARN_ENUM_CONVERSION = YES;
				CLANG_WARN_INT_CONVERSION = YES;
				CLANG_WARN_OBJC_ROOT_CLASS = YES_ERROR;
				CLANG_WARN__DUPLICATE_METHOD_MATCH = YES;
				"CODE_SIGN_IDENTITY[sdk=iphoneos*]" = "iPhone Developer";
				COPY_PHASE_STRIP = NO;
				GCC_C_LANGUAGE_STANDARD = gnu99;
				GCC_DYNAMIC_NO_PIC = NO;
				GCC_OPTIMIZATION_LEVEL = 0;
				GCC_PREPROCESSOR_DEFINITIONS = (
					"DEBUG=1",
					"$(inherited)",
				);
				GCC_SYMBOLS_PRIVATE_EXTERN = NO;
				GCC_WARN_64_TO_32_BIT_CONVERSION = YES;
				GCC_WARN_ABOUT_RETURN_TYPE = YES_ERROR;
				GCC_WARN_UNDECLARED_SELECTOR = YES;
				GCC_WARN_UNINITIALIZED_AUTOS = YES_AGGRESSIVE;
				GCC_WARN_UNUSED_FUNCTION = YES;
				GCC_WARN_UNUSED_VARIABLE = YES;
				IPHONEOS_DEPLOYMENT_TARGET = 7.1;
				ONLY_ACTIVE_ARCH = YES;
				SDKROOT = iphoneos;
			};
			name = Debug;
		};
		96B8B2B618E1DBE600895FB5 /* Release */ = {
			isa = XCBuildConfiguration;
			buildSettings = {
				ALWAYS_SEARCH_USER_PATHS = NO;
				CLANG_CXX_LANGUAGE_STANDARD = "gnu++0x";
				CLANG_CXX_LIBRARY = "libc++";
				CLANG_ENABLE_MODULES = YES;
				CLANG_ENABLE_OBJC_ARC = YES;
				CLANG_WARN_BOOL_CONVERSION = YES;
				CLANG_WARN_CONSTANT_CONVERSION = YES;
				CLANG_WARN_DIRECT_OBJC_ISA_USAGE = YES_ERROR;
				CLANG_WARN_EMPTY_BODY = YES;
				CLANG_WARN_ENUM_CONVERSION = YES;
				CLANG_WARN_INT_CONVERSION = YES;
				CLANG_WARN_OBJC_ROOT_CLASS = YES_ERROR;
				CLANG_WARN__DUPLICATE_METHOD_MATCH = YES;
				"CODE_SIGN_IDENTITY[sdk=iphoneos*]" = "iPhone Developer";
				COPY_PHASE_STRIP = YES;
				ENABLE_NS_ASSERTIONS = NO;
				GCC_C_LANGUAGE_STANDARD = gnu99;
				GCC_WARN_64_TO_32_BIT_CONVERSION = YES;
				GCC_WARN_ABOUT_RETURN_TYPE = YES_ERROR;
				GCC_WARN_UNDECLARED_SELECTOR = YES;
				GCC_WARN_UNINITIALIZED_AUTOS = YES_AGGRESSIVE;
				GCC_WARN_UNUSED_FUNCTION = YES;
				GCC_WARN_UNUSED_VARIABLE = YES;
				IPHONEOS_DEPLOYMENT_TARGET = 7.1;
				SDKROOT = iphoneos;
				VALIDATE_PRODUCT = YES;
			};
			name = Release;
		};
		96B8B2B818E1DBE600895FB5 /* Debug */ = {
			isa = XCBuildConfiguration;
			buildSettings = {
				ASSETCATALOG_COMPILER_APPICON_NAME = AppIcon;
				ASSETCATALOG_COMPILER_LAUNCHIMAGE_NAME = LaunchImage;
				GCC_PRECOMPILE_PREFIX_HEADER = YES;
				GCC_PREFIX_HEADER = "SRBooking/SRBooking-Prefix.pch";
				INFOPLIST_FILE = "SRBooking/SRBooking-Info.plist";
				PRODUCT_NAME = "$(TARGET_NAME)";
				WRAPPER_EXTENSION = app;
			};
			name = Debug;
		};
		96B8B2B918E1DBE600895FB5 /* Release */ = {
			isa = XCBuildConfiguration;
			buildSettings = {
				ASSETCATALOG_COMPILER_APPICON_NAME = AppIcon;
				ASSETCATALOG_COMPILER_LAUNCHIMAGE_NAME = LaunchImage;
				GCC_PRECOMPILE_PREFIX_HEADER = YES;
				GCC_PREFIX_HEADER = "SRBooking/SRBooking-Prefix.pch";
				INFOPLIST_FILE = "SRBooking/SRBooking-Info.plist";
				PRODUCT_NAME = "$(TARGET_NAME)";
				WRAPPER_EXTENSION = app;
			};
			name = Release;
		};
		96B8B2BB18E1DBE600895FB5 /* Debug */ = {
			isa = XCBuildConfiguration;
			buildSettings = {
				BUNDLE_LOADER = "$(BUILT_PRODUCTS_DIR)/SRBooking.app/SRBooking";
				FRAMEWORK_SEARCH_PATHS = (
					"$(SDKROOT)/Developer/Library/Frameworks",
					"$(inherited)",
					"$(DEVELOPER_FRAMEWORKS_DIR)",
				);
				GCC_PRECOMPILE_PREFIX_HEADER = YES;
				GCC_PREFIX_HEADER = "SRBooking/SRBooking-Prefix.pch";
				GCC_PREPROCESSOR_DEFINITIONS = (
					"DEBUG=1",
					"$(inherited)",
				);
				INFOPLIST_FILE = "SRBookingTests/SRBookingTests-Info.plist";
				PRODUCT_NAME = "$(TARGET_NAME)";
				TEST_HOST = "$(BUNDLE_LOADER)";
				WRAPPER_EXTENSION = xctest;
			};
			name = Debug;
		};
		96B8B2BC18E1DBE600895FB5 /* Release */ = {
			isa = XCBuildConfiguration;
			buildSettings = {
				BUNDLE_LOADER = "$(BUILT_PRODUCTS_DIR)/SRBooking.app/SRBooking";
				FRAMEWORK_SEARCH_PATHS = (
					"$(SDKROOT)/Developer/Library/Frameworks",
					"$(inherited)",
					"$(DEVELOPER_FRAMEWORKS_DIR)",
				);
				GCC_PRECOMPILE_PREFIX_HEADER = YES;
				GCC_PREFIX_HEADER = "SRBooking/SRBooking-Prefix.pch";
				INFOPLIST_FILE = "SRBookingTests/SRBookingTests-Info.plist";
				PRODUCT_NAME = "$(TARGET_NAME)";
				TEST_HOST = "$(BUNDLE_LOADER)";
				WRAPPER_EXTENSION = xctest;
			};
			name = Release;
		};
/* End XCBuildConfiguration section */

/* Begin XCConfigurationList section */
		96B8B28018E1DBE500895FB5 /* Build configuration list for PBXProject "SRBooking" */ = {
			isa = XCConfigurationList;
			buildConfigurations = (
				96B8B2B518E1DBE600895FB5 /* Debug */,
				96B8B2B618E1DBE600895FB5 /* Release */,
			);
			defaultConfigurationIsVisible = 0;
			defaultConfigurationName = Release;
		};
		96B8B2B718E1DBE600895FB5 /* Build configuration list for PBXNativeTarget "SRBooking" */ = {
			isa = XCConfigurationList;
			buildConfigurations = (
				96B8B2B818E1DBE600895FB5 /* Debug */,
				96B8B2B918E1DBE600895FB5 /* Release */,
			);
			defaultConfigurationIsVisible = 0;
			defaultConfigurationName = Release;
		};
		96B8B2BA18E1DBE600895FB5 /* Build configuration list for PBXNativeTarget "SRBookingTests" */ = {
			isa = XCConfigurationList;
			buildConfigurations = (
				96B8B2BB18E1DBE600895FB5 /* Debug */,
				96B8B2BC18E1DBE600895FB5 /* Release */,
			);
			defaultConfigurationIsVisible = 0;
			defaultConfigurationName = Release;
		};
/* End XCConfigurationList section */

/* Begin XCVersionGroup section */
		96B8B29C18E1DBE500895FB5 /* SRBooking.xcdatamodeld */ = {
			isa = XCVersionGroup;
			children = (
				96B8B29D18E1DBE500895FB5 /* SRBooking.xcdatamodel */,
			);
			currentVersion = 96B8B29D18E1DBE500895FB5 /* SRBooking.xcdatamodel */;
			path = SRBooking.xcdatamodeld;
			sourceTree = "<group>";
			versionGroupType = wrapper.xcdatamodel;
		};
/* End XCVersionGroup section */
	};
	rootObject = 96B8B27D18E1DBE500895FB5 /* Project object */;
}
